
Microsoft Visual Studio Solution File, Format Version 12.00
# Visual Studio 15
Project("{FAE04EC0-301F-11D3-BF4B-00C04F79EFBC}") = "Assembly-CSharp", "Assembly-CSharp.csproj", "{28ACD6EF-0E3B-9B9C-E444-710DD93C77D4}"
EndProject
Project("{FAE04EC0-301F-11D3-BF4B-00C04F79EFBC}") = "Assembly-CSharp-Editor", "Assembly-CSharp-Editor.csproj", "{DC721DAD-B00F-2677-00CC-D4A602F9B840}"
EndProject
Global
	GlobalSection(SolutionConfigurationPlatforms) = preSolution
		Debug|Any CPU = Debug|Any CPU
		Release|Any CPU = Release|Any CPU
	EndGlobalSection
	GlobalSection(ProjectConfigurationPlatforms) = postSolution
		{28ACD6EF-0E3B-9B9C-E444-710DD93C77D4}.Debug|Any CPU.ActiveCfg = Debug|Any CPU
		{28ACD6EF-0E3B-9B9C-E444-710DD93C77D4}.Debug|Any CPU.Build.0 = Debug|Any CPU
		{28ACD6EF-0E3B-9B9C-E444-710DD93C77D4}.Release|Any CPU.ActiveCfg = Release|Any CPU
		{28ACD6EF-0E3B-9B9C-E444-710DD93C77D4}.Release|Any CPU.Build.0 = Release|Any CPU
		{DC721DAD-B00F-2677-00CC-D4A602F9B840}.Debug|Any CPU.ActiveCfg = Debug|Any CPU
		{DC721DAD-B00F-2677-00CC-D4A602F9B840}.Debug|Any CPU.Build.0 = Debug|Any CPU
		{DC721DAD-B00F-2677-00CC-D4A602F9B840}.Release|Any CPU.ActiveCfg = Release|Any CPU
		{DC721DAD-B00F-2677-00CC-D4A602F9B840}.Release|Any CPU.Build.0 = Release|Any CPU
	EndGlobalSection
	GlobalSection(SolutionProperties) = preSolution
		HideSolutionNode = FALSE
	EndGlobalSection
EndGlobal
